
Microsoft Visual Studio Solution File, Format Version 12.00
# Visual Studio Version 17
VisualStudioVersion = 17.7.34018.315
MinimumVisualStudioVersion = 10.0.40219.1
Project("{FAE04EC0-301F-11D3-BF4B-00C04F79EFBC}") = "BJM.FirstApp.WebUI", "BJM.FirstApp.WebUI\BJM.FirstApp.WebUI.csproj", "{1DFB4C2A-F2C6-4716-96BC-0D9992805545}"
EndProject
Global
	GlobalSection(SolutionConfigurationPlatforms) = preSolution
		Debug|Any CPU = Debug|Any CPU
		Release|Any CPU = Release|Any CPU
	EndGlobalSection
	GlobalSection(ProjectConfigurationPlatforms) = postSolution
		{1DFB4C2A-F2C6-4716-96BC-0D9992805545}.Debug|Any CPU.ActiveCfg = Debug|Any CPU
		{1DFB4C2A-F2C6-4716-96BC-0D9992805545}.Debug|Any CPU.Build.0 = Debug|Any CPU
		{1DFB4C2A-F2C6-4716-96BC-0D9992805545}.Release|Any CPU.ActiveCfg = Release|Any CPU
		{1DFB4C2A-F2C6-4716-96BC-0D9992805545}.Release|Any CPU.Build.0 = Release|Any CPU
	EndGlobalSection
	GlobalSection(SolutionProperties) = preSolution
		HideSolutionNode = FALSE
	EndGlobalSection
	GlobalSection(ExtensibilityGlobals) = postSolution
		SolutionGuid = {757DD0E4-8366-4754-AD2B-5B43B5715BC8}
	EndGlobalSection
EndGlobal
